
Microsoft Visual Studio Solution File, Format Version 12.00
# Visual Studio Version 17
VisualStudioVersion = 17.4.33110.190
MinimumVisualStudioVersion = 10.0.40219.1
Project("{FAE04EC0-301F-11D3-BF4B-00C04F79EFBC}") = "AntiTouchscreenPlus", "AntiTouchscreenPlus\AntiTouchscreenPlus.csproj", "{392760A9-4715-4DDD-87A9-4A06C63D8602}"
EndProject
Global
	GlobalSection(SolutionConfigurationPlatforms) = preSolution
		Debug|Any CPU = Debug|Any CPU
		Release|Any CPU = Release|Any CPU
	EndGlobalSection
	GlobalSection(ProjectConfigurationPlatforms) = postSolution
		{392760A9-4715-4DDD-87A9-4A06C63D8602}.Debug|Any CPU.ActiveCfg = Debug|Any CPU
		{392760A9-4715-4DDD-87A9-4A06C63D8602}.Debug|Any CPU.Build.0 = Debug|Any CPU
		{392760A9-4715-4DDD-87A9-4A06C63D8602}.Release|Any CPU.ActiveCfg = Release|Any CPU
		{392760A9-4715-4DDD-87A9-4A06C63D8602}.Release|Any CPU.Build.0 = Release|Any CPU
	EndGlobalSection
	GlobalSection(SolutionProperties) = preSolution
		HideSolutionNode = FALSE
	EndGlobalSection
	GlobalSection(ExtensibilityGlobals) = postSolution
		SolutionGuid = {B2FD8CAF-B344-4838-B003-7EBC4AF214D0}
	EndGlobalSection
EndGlobal
